
Microsoft Visual Studio Solution File, Format Version 12.00
# Visual Studio 15
VisualStudioVersion = 15.0.27130.2010
MinimumVisualStudioVersion = 10.0.40219.1
Project("{9A19103F-16F7-4668-BE54-9A1E7A4F7556}") = "SmartHome", "net\SmartHome.csproj", "{51532F86-CC08-4547-A5F4-B8AF49F5410B}"
EndProject
Project("{9092AA53-FB77-4645-B42D-1CCCA6BD08BD}") = "SmartHomeJS", "node\SmartHomeJS.njsproj", "{1B1A57FB-F694-4BB8-A4D8-289731439DD6}"
EndProject
Global
	GlobalSection(SolutionConfigurationPlatforms) = preSolution
		Debug|Any CPU = Debug|Any CPU
		Release|Any CPU = Release|Any CPU
	EndGlobalSection
	GlobalSection(ProjectConfigurationPlatforms) = postSolution
		{51532F86-CC08-4547-A5F4-B8AF49F5410B}.Debug|Any CPU.ActiveCfg = Debug|Any CPU
		{51532F86-CC08-4547-A5F4-B8AF49F5410B}.Debug|Any CPU.Build.0 = Debug|Any CPU
		{51532F86-CC08-4547-A5F4-B8AF49F5410B}.Release|Any CPU.ActiveCfg = Release|Any CPU
		{51532F86-CC08-4547-A5F4-B8AF49F5410B}.Release|Any CPU.Build.0 = Release|Any CPU
		{1B1A57FB-F694-4BB8-A4D8-289731439DD6}.Debug|Any CPU.ActiveCfg = Debug|Any CPU
		{1B1A57FB-F694-4BB8-A4D8-289731439DD6}.Debug|Any CPU.Build.0 = Debug|Any CPU
		{1B1A57FB-F694-4BB8-A4D8-289731439DD6}.Release|Any CPU.ActiveCfg = Release|Any CPU
		{1B1A57FB-F694-4BB8-A4D8-289731439DD6}.Release|Any CPU.Build.0 = Release|Any CPU
	EndGlobalSection
	GlobalSection(SolutionProperties) = preSolution
		HideSolutionNode = FALSE
	EndGlobalSection
	GlobalSection(ExtensibilityGlobals) = postSolution
		SolutionGuid = {7074BB2E-D369-4BAA-B292-D57E2A73C347}
	EndGlobalSection
EndGlobal
