
Microsoft Visual Studio Solution File, Format Version 12.00
# Visual Studio 15
VisualStudioVersion = 15.0.27130.2010
MinimumVisualStudioVersion = 10.0.40219.1
Project("{9A19103F-16F7-4668-BE54-9A1E7A4F7556}") = "SmartHome", "SmartHome\SmartHome.csproj", "{BC888DD7-8702-44CA-BA5F-16E5DD50AFAC}"
EndProject
Global
	GlobalSection(SolutionConfigurationPlatforms) = preSolution
		Debug|Any CPU = Debug|Any CPU
		Release|Any CPU = Release|Any CPU
	EndGlobalSection
	GlobalSection(ProjectConfigurationPlatforms) = postSolution
		{BC888DD7-8702-44CA-BA5F-16E5DD50AFAC}.Debug|Any CPU.ActiveCfg = Debug|Any CPU
		{BC888DD7-8702-44CA-BA5F-16E5DD50AFAC}.Debug|Any CPU.Build.0 = Debug|Any CPU
		{BC888DD7-8702-44CA-BA5F-16E5DD50AFAC}.Release|Any CPU.ActiveCfg = Release|Any CPU
		{BC888DD7-8702-44CA-BA5F-16E5DD50AFAC}.Release|Any CPU.Build.0 = Release|Any CPU
	EndGlobalSection
	GlobalSection(SolutionProperties) = preSolution
		HideSolutionNode = FALSE
	EndGlobalSection
	GlobalSection(ExtensibilityGlobals) = postSolution
		SolutionGuid = {7074BB2E-D369-4BAA-B292-D57E2A73C347}
	EndGlobalSection
EndGlobal
